
Microsoft Visual Studio Solution File, Format Version 12.00
# Visual Studio Version 16
VisualStudioVersion = 16.0.28729.10
MinimumVisualStudioVersion = 10.0.40219.1
Project("{FAE04EC0-301F-11D3-BF4B-00C04F79EFBC}") = "FF.Banking", "FF.Banking\FF.Banking.csproj", "{ED583140-9EBF-49B5-A351-7C556E062911}"
EndProject
Project("{FAE04EC0-301F-11D3-BF4B-00C04F79EFBC}") = "FF.BankingTests", "FF.BankingTests\FF.BankingTests.csproj", "{0A51149D-8D94-478C-9365-E78A51BAB0AF}"
EndProject
Global
	GlobalSection(SolutionConfigurationPlatforms) = preSolution
		Debug|Any CPU = Debug|Any CPU
		Release|Any CPU = Release|Any CPU
	EndGlobalSection
	GlobalSection(ProjectConfigurationPlatforms) = postSolution
		{ED583140-9EBF-49B5-A351-7C556E062911}.Debug|Any CPU.ActiveCfg = Debug|Any CPU
		{ED583140-9EBF-49B5-A351-7C556E062911}.Debug|Any CPU.Build.0 = Debug|Any CPU
		{ED583140-9EBF-49B5-A351-7C556E062911}.Release|Any CPU.ActiveCfg = Release|Any CPU
		{ED583140-9EBF-49B5-A351-7C556E062911}.Release|Any CPU.Build.0 = Release|Any CPU
		{0A51149D-8D94-478C-9365-E78A51BAB0AF}.Debug|Any CPU.ActiveCfg = Debug|Any CPU
		{0A51149D-8D94-478C-9365-E78A51BAB0AF}.Debug|Any CPU.Build.0 = Debug|Any CPU
		{0A51149D-8D94-478C-9365-E78A51BAB0AF}.Release|Any CPU.ActiveCfg = Release|Any CPU
		{0A51149D-8D94-478C-9365-E78A51BAB0AF}.Release|Any CPU.Build.0 = Release|Any CPU
	EndGlobalSection
	GlobalSection(SolutionProperties) = preSolution
		HideSolutionNode = FALSE
	EndGlobalSection
	GlobalSection(ExtensibilityGlobals) = postSolution
		SolutionGuid = {9A74D64D-EE15-4316-8CA9-CCAF1F392C20}
	EndGlobalSection
EndGlobal
